
Microsoft Visual Studio Solution File, Format Version 12.00
# Visual Studio Version 17
VisualStudioVersion = 17.7.34031.279
MinimumVisualStudioVersion = 10.0.40219.1
Project("{FAE04EC0-301F-11D3-BF4B-00C04F79EFBC}") = "Tic-Tac-Toe-GUI", "Tic-Tac-Toe-GUI.csproj", "{E276FD55-ED0B-4996-842F-EA0304461EDB}"
EndProject
Global
	GlobalSection(SolutionConfigurationPlatforms) = preSolution
		Debug|Any CPU = Debug|Any CPU
		Release|Any CPU = Release|Any CPU
	EndGlobalSection
	GlobalSection(ProjectConfigurationPlatforms) = postSolution
		{E276FD55-ED0B-4996-842F-EA0304461EDB}.Debug|Any CPU.ActiveCfg = Debug|Any CPU
		{E276FD55-ED0B-4996-842F-EA0304461EDB}.Debug|Any CPU.Build.0 = Debug|Any CPU
		{E276FD55-ED0B-4996-842F-EA0304461EDB}.Release|Any CPU.ActiveCfg = Release|Any CPU
		{E276FD55-ED0B-4996-842F-EA0304461EDB}.Release|Any CPU.Build.0 = Release|Any CPU
	EndGlobalSection
	GlobalSection(SolutionProperties) = preSolution
		HideSolutionNode = FALSE
	EndGlobalSection
	GlobalSection(ExtensibilityGlobals) = postSolution
		SolutionGuid = {20FB2470-5963-4A50-8D32-1A2650602C4E}
	EndGlobalSection
EndGlobal
